
Microsoft Visual Studio Solution File, Format Version 12.00
# Visual Studio 2012
Project("{FAE04EC0-301F-11D3-BF4B-00C04F79EFBC}") = "DatabaseDemo", "DatabaseDemo\DatabaseDemo.csproj", "{9028BD92-C68E-4105-BCDC-980A7F5DD64B}"
EndProject
Global
	GlobalSection(SolutionConfigurationPlatforms) = preSolution
		Debug|Any CPU = Debug|Any CPU
		Release|Any CPU = Release|Any CPU
	EndGlobalSection
	GlobalSection(ProjectConfigurationPlatforms) = postSolution
		{9028BD92-C68E-4105-BCDC-980A7F5DD64B}.Debug|Any CPU.ActiveCfg = Debug|Any CPU
		{9028BD92-C68E-4105-BCDC-980A7F5DD64B}.Debug|Any CPU.Build.0 = Debug|Any CPU
		{9028BD92-C68E-4105-BCDC-980A7F5DD64B}.Release|Any CPU.ActiveCfg = Release|Any CPU
		{9028BD92-C68E-4105-BCDC-980A7F5DD64B}.Release|Any CPU.Build.0 = Release|Any CPU
	EndGlobalSection
	GlobalSection(SolutionProperties) = preSolution
		HideSolutionNode = FALSE
	EndGlobalSection
EndGlobal
