
Microsoft Visual Studio Solution File, Format Version 12.00
# Visual Studio 2012
Project("{8BC9CEB8-8B4A-11D0-8D11-00A0C91BC942}") = "HimesP4", "HimesP4\HimesP4.vcxproj", "{23A315EA-E72D-42EB-B6E5-22E7650177FD}"
EndProject
Global
	GlobalSection(TeamFoundationVersionControl) = preSolution
		SccNumberOfProjects = 2
		SccEnterpriseProvider = {4CA58AB2-18FA-4F8D-95D4-32DDF27D184C}
		SccTeamFoundationServer = https://cnm.visualstudio.com/defaultcollection
		SccLocalPath0 = .
		SccProjectUniqueName1 = HimesP4\\HimesP4.vcxproj
		SccProjectName1 = HimesP4
		SccLocalPath1 = HimesP4
	EndGlobalSection
	GlobalSection(SolutionConfigurationPlatforms) = preSolution
		Debug|Win32 = Debug|Win32
		Release|Win32 = Release|Win32
	EndGlobalSection
	GlobalSection(ProjectConfigurationPlatforms) = postSolution
		{23A315EA-E72D-42EB-B6E5-22E7650177FD}.Debug|Win32.ActiveCfg = Debug|Win32
		{23A315EA-E72D-42EB-B6E5-22E7650177FD}.Debug|Win32.Build.0 = Debug|Win32
		{23A315EA-E72D-42EB-B6E5-22E7650177FD}.Release|Win32.ActiveCfg = Release|Win32
		{23A315EA-E72D-42EB-B6E5-22E7650177FD}.Release|Win32.Build.0 = Release|Win32
	EndGlobalSection
	GlobalSection(SolutionProperties) = preSolution
		HideSolutionNode = FALSE
	EndGlobalSection
EndGlobal
