
Microsoft Visual Studio Solution File, Format Version 12.00
# Visual Studio 2012
Project("{FAE04EC0-301F-11D3-BF4B-00C04F79EFBC}") = "InheritanceDemoWithDLL", "InheritanceDemoWithDLL\InheritanceDemoWithDLL.csproj", "{5CDD6724-AF8A-4596-95CE-1E09E6923C6E}"
EndProject
Project("{FAE04EC0-301F-11D3-BF4B-00C04F79EFBC}") = "VehicleLib", "VehicleLib\VehicleLib.csproj", "{75777E17-243B-491A-8D3D-63DBE4749011}"
EndProject
Global
	GlobalSection(SolutionConfigurationPlatforms) = preSolution
		Debug|Any CPU = Debug|Any CPU
		Release|Any CPU = Release|Any CPU
	EndGlobalSection
	GlobalSection(ProjectConfigurationPlatforms) = postSolution
		{5CDD6724-AF8A-4596-95CE-1E09E6923C6E}.Debug|Any CPU.ActiveCfg = Debug|Any CPU
		{5CDD6724-AF8A-4596-95CE-1E09E6923C6E}.Debug|Any CPU.Build.0 = Debug|Any CPU
		{5CDD6724-AF8A-4596-95CE-1E09E6923C6E}.Release|Any CPU.ActiveCfg = Release|Any CPU
		{5CDD6724-AF8A-4596-95CE-1E09E6923C6E}.Release|Any CPU.Build.0 = Release|Any CPU
		{75777E17-243B-491A-8D3D-63DBE4749011}.Debug|Any CPU.ActiveCfg = Debug|Any CPU
		{75777E17-243B-491A-8D3D-63DBE4749011}.Debug|Any CPU.Build.0 = Debug|Any CPU
		{75777E17-243B-491A-8D3D-63DBE4749011}.Release|Any CPU.ActiveCfg = Release|Any CPU
		{75777E17-243B-491A-8D3D-63DBE4749011}.Release|Any CPU.Build.0 = Release|Any CPU
	EndGlobalSection
	GlobalSection(SolutionProperties) = preSolution
		HideSolutionNode = FALSE
	EndGlobalSection
EndGlobal
