
Microsoft Visual Studio Solution File, Format Version 12.00
# Visual Studio 2012
Project("{FAE04EC0-301F-11D3-BF4B-00C04F79EFBC}") = "HimesP2", "HimesP2\HimesP2.csproj", "{60373241-7F37-4D44-B7A8-671F45A3B567}"
EndProject
Global
	GlobalSection(SolutionConfigurationPlatforms) = preSolution
		Debug|Any CPU = Debug|Any CPU
		Release|Any CPU = Release|Any CPU
	EndGlobalSection
	GlobalSection(ProjectConfigurationPlatforms) = postSolution
		{60373241-7F37-4D44-B7A8-671F45A3B567}.Debug|Any CPU.ActiveCfg = Debug|Any CPU
		{60373241-7F37-4D44-B7A8-671F45A3B567}.Debug|Any CPU.Build.0 = Debug|Any CPU
		{60373241-7F37-4D44-B7A8-671F45A3B567}.Release|Any CPU.ActiveCfg = Release|Any CPU
		{60373241-7F37-4D44-B7A8-671F45A3B567}.Release|Any CPU.Build.0 = Release|Any CPU
	EndGlobalSection
	GlobalSection(SolutionProperties) = preSolution
		HideSolutionNode = FALSE
	EndGlobalSection
EndGlobal
